<?xml version="1.0" encoding="utf-8"?>
<Project ToolsVersion="4.0" xmlns="http://schemas.microsoft.com/developer/msbuild/2003">
  <ItemGroup>
    <Filter Include="Archivos de código fuente">
      <UniqueIdentifier>{4FC737F1-C7A5-4376-A066-2A32D752A2FF}</UniqueIdentifier>
      <Extensions>cpp;c;cc;cxx;def;odl;idl;hpj;bat;asm;asmx</Extensions>
    </Filter>
    <Filter Include="Archivos de encabezado">
      <UniqueIdentifier>{93995380-89BD-4b04-88EB-625FBE52EBFB}</UniqueIdentifier>
      <Extensions>h;hpp;hxx;hm;inl;inc;xsd</Extensions>
    </Filter>
    <Filter Include="Archivos de recursos">
      <UniqueIdentifier>{67DA6AB6-F800-4c08-8B7A-83BB121AAD01}</UniqueIdentifier>
      <Extensions>rc;ico;cur;bmp;dlg;rc2;rct;bin;rgs;gif;jpg;jpeg;jpe;resx;tiff;tif;png;wav;mfcribbon-ms</Extensions>
    </Filter>
    <Filter Include="Shaders">
      <UniqueIdentifier>{7f18d0ed-5bdb-4eac-82dd-312317e6f87f}</UniqueIdentifier>
    </Filter>
    <Filter Include="SOIL">
      <UniqueIdentifier>{bc055c37-1ff3-43bb-bdb1-f05563d74476}</UniqueIdentifier>
    </Filter>
  </ItemGroup>
  <ItemGroup>
    <None Include="botella.frag">
      <Filter>Shaders</Filter>
    </None>
    <None Include="botella.vert">
      <Filter>Shaders</Filter>
    </None>
    <None Include="prueba.frag">
      <Filter>Shaders</Filter>
    </None>
    <None Include="prueba.vert">
      <Filter>Shaders</Filter>
    </None>
    <None Include="etiquetaCoca.bmp">
      <Filter>Archivos de recursos</Filter>
    </None>
    <None Include="etiquetaCoca256.bmp">
      <Filter>Archivos de recursos</Filter>
    </None>
    <None Include="tapaCoca.bmp">
      <Filter>Archivos de recursos</Filter>
    </None>
    <None Include="tapaCoca256.bmp">
      <Filter>Archivos de recursos</Filter>
    </None>
    <None Include="cintaTransportadora.frag">
      <Filter>Shaders</Filter>
    </None>
    <None Include="cintaTransportadora.vert">
      <Filter>Shaders</Filter>
    </None>
    <None Include="cintaTransportadora.bmp">
      <Filter>Archivos de recursos</Filter>
    </None>
    <None Include="tanqueDeCoca.frag">
      <Filter>Shaders</Filter>
    </None>
    <None Include="tanqueDeCoca.vert">
      <Filter>Shaders</Filter>
    </None>
    <None Include="cubemap_blue_sofa_positive_z.bmp">
      <Filter>Archivos de recursos</Filter>
    </None>
    <None Include="cubemap_blue_sofa_negative_x.bmp">
      <Filter>Archivos de recursos</Filter>
    </None>
    <None Include="cubemap_blue_sofa_negative_y.bmp">
      <Filter>Archivos de recursos</Filter>
    </None>
    <None Include="cubemap_blue_sofa_negative_z.bmp">
      <Filter>Archivos de recursos</Filter>
    </None>
    <None Include="cubemap_blue_sofa_positive_x.bmp">
      <Filter>Archivos de recursos</Filter>
    </None>
    <None Include="cubemap_blue_sofa_positive_y.bmp">
      <Filter>Archivos de recursos</Filter>
    </None>
    <None Include="PhongSpot.frag">
      <Filter>Shaders</Filter>
    </None>
    <None Include="PhongSpot.vert">
      <Filter>Shaders</Filter>
    </None>
  </ItemGroup>
  <ItemGroup>
    <ClCompile Include="TextureLoader.cpp">
      <Filter>Archivos de código fuente</Filter>
    </ClCompile>
    <ClCompile Include="main.cpp">
      <Filter>Archivos de código fuente</Filter>
    </ClCompile>
    <ClCompile Include="GLSLProgram.cpp">
      <Filter>Archivos de código fuente</Filter>
    </ClCompile>
    <ClCompile Include="..\TP\Iluminacion.cpp">
      <Filter>Archivos de código fuente</Filter>
    </ClCompile>
  </ItemGroup>
  <ItemGroup>
    <ClInclude Include="TextureLoader.h">
      <Filter>Archivos de encabezado</Filter>
    </ClInclude>
    <ClInclude Include="SOIL\SOIL.h">
      <Filter>SOIL</Filter>
    </ClInclude>
    <ClInclude Include="GLSLProgram.h">
      <Filter>Archivos de encabezado</Filter>
    </ClInclude>
    <ClInclude Include="..\TP\Iluminacion.h">
      <Filter>Archivos de encabezado</Filter>
    </ClInclude>
  </ItemGroup>
</Project>