<?xml version="1.0" encoding="utf-8"?>
<Project ToolsVersion="4.0" xmlns="http://schemas.microsoft.com/developer/msbuild/2003">
  <ItemGroup>
    <Filter Include="Archivos de código fuente">
      <UniqueIdentifier>{4FC737F1-C7A5-4376-A066-2A32D752A2FF}</UniqueIdentifier>
      <Extensions>cpp;c;cc;cxx;def;odl;idl;hpj;bat;asm;asmx</Extensions>
    </Filter>
    <Filter Include="Archivos de encabezado">
      <UniqueIdentifier>{93995380-89BD-4b04-88EB-625FBE52EBFB}</UniqueIdentifier>
      <Extensions>h;hpp;hxx;hm;inl;inc;xsd</Extensions>
    </Filter>
    <Filter Include="Archivos de recursos">
      <UniqueIdentifier>{67DA6AB6-F800-4c08-8B7A-83BB121AAD01}</UniqueIdentifier>
      <Extensions>rc;ico;cur;bmp;dlg;rc2;rct;bin;rgs;gif;jpg;jpeg;jpe;resx;tiff;tif;png;wav;mfcribbon-ms</Extensions>
    </Filter>
    <Filter Include="lib">
      <UniqueIdentifier>{0c7754a4-24f9-4e8a-8671-208a7845daeb}</UniqueIdentifier>
    </Filter>
    <Filter Include="Archivos de código fuente\Modelo">
      <UniqueIdentifier>{926f1ac1-779e-4d36-a3a6-1c154077ac45}</UniqueIdentifier>
    </Filter>
    <Filter Include="Archivos de encabezado\Modelo">
      <UniqueIdentifier>{9bcc00d4-4753-4d9d-8594-63804565c013}</UniqueIdentifier>
    </Filter>
    <Filter Include="Archivos de código fuente\Objetos">
      <UniqueIdentifier>{6bd2cd3a-82b5-4f02-90ee-88c638ed2cc1}</UniqueIdentifier>
    </Filter>
    <Filter Include="Archivos de encabezado\Objetos">
      <UniqueIdentifier>{3cde2cd9-88e7-45ad-b88d-2560b3001e91}</UniqueIdentifier>
    </Filter>
    <Filter Include="Archivos de código fuente\Objetos\Maquinas">
      <UniqueIdentifier>{246817a3-85c2-4450-aa15-ac01cbeca4d5}</UniqueIdentifier>
    </Filter>
    <Filter Include="Archivos de encabezado\Objetos\Maquinas">
      <UniqueIdentifier>{2bb7d46a-5166-4ffc-8be4-b03c24a94909}</UniqueIdentifier>
    </Filter>
  </ItemGroup>
  <ItemGroup>
    <Library Include="lib\freeglut.lib">
      <Filter>lib</Filter>
    </Library>
    <Library Include="lib\Camara.lib">
      <Filter>lib</Filter>
    </Library>
    <Library Include="lib\Curvas.lib">
      <Filter>lib</Filter>
    </Library>
    <Library Include="lib\glew32.lib">
      <Filter>lib</Filter>
    </Library>
  </ItemGroup>
  <ItemGroup>
    <ClCompile Include="main.cpp">
      <Filter>Archivos de código fuente</Filter>
    </ClCompile>
    <ClCompile Include="Control.cpp">
      <Filter>Archivos de código fuente</Filter>
    </ClCompile>
    <ClCompile Include="ObjetoGrafico.cpp">
      <Filter>Archivos de código fuente\Modelo</Filter>
    </ClCompile>
    <ClCompile Include="EscenaGrafica.cpp">
      <Filter>Archivos de código fuente</Filter>
    </ClCompile>
    <ClCompile Include="ObjetoGraficoCubico.cpp">
      <Filter>Archivos de código fuente\Modelo</Filter>
    </ClCompile>
    <ClCompile Include="CuartoDeMaquinas.cpp">
      <Filter>Archivos de código fuente\Objetos</Filter>
    </ClCompile>
    <ClCompile Include="LamparaDeTecho.cpp">
      <Filter>Archivos de código fuente\Objetos</Filter>
    </ClCompile>
    <ClCompile Include="Botella.cpp">
      <Filter>Archivos de código fuente\Objetos</Filter>
    </ClCompile>
    <ClCompile Include="PaqueteDeBotellas.cpp">
      <Filter>Archivos de código fuente\Objetos</Filter>
    </ClCompile>
    <ClCompile Include="MaquinaEtiquetadora.cpp">
      <Filter>Archivos de código fuente\Objetos\Maquinas</Filter>
    </ClCompile>
    <ClCompile Include="MaquinaDeBotellas.cpp">
      <Filter>Archivos de código fuente\Objetos\Maquinas</Filter>
    </ClCompile>
    <ClCompile Include="MaquinaDeLlenado.cpp">
      <Filter>Archivos de código fuente\Objetos\Maquinas</Filter>
    </ClCompile>
    <ClCompile Include="MaquinaEmbaladora.cpp">
      <Filter>Archivos de código fuente\Objetos\Maquinas</Filter>
    </ClCompile>
    <ClCompile Include="CintaTransportadora.cpp">
      <Filter>Archivos de código fuente\Objetos\Maquinas</Filter>
    </ClCompile>
  </ItemGroup>
  <ItemGroup>
    <ClInclude Include="Control.h">
      <Filter>Archivos de encabezado</Filter>
    </ClInclude>
    <ClInclude Include="ObjetoGrafico.h">
      <Filter>Archivos de encabezado\Modelo</Filter>
    </ClInclude>
    <ClInclude Include="EscenaGrafica.h">
      <Filter>Archivos de encabezado</Filter>
    </ClInclude>
    <ClInclude Include="ObjetoGraficoCubico.h">
      <Filter>Archivos de encabezado\Modelo</Filter>
    </ClInclude>
    <ClInclude Include="CuartoDeMaquinas.h">
      <Filter>Archivos de encabezado\Objetos</Filter>
    </ClInclude>
    <ClInclude Include="LamparaDeTecho.h">
      <Filter>Archivos de encabezado\Objetos</Filter>
    </ClInclude>
    <ClInclude Include="Botella.h">
      <Filter>Archivos de encabezado\Objetos</Filter>
    </ClInclude>
    <ClInclude Include="PaqueteDeBotellas.h">
      <Filter>Archivos de encabezado\Objetos</Filter>
    </ClInclude>
    <ClInclude Include="MaquinaEtiquetadora.h">
      <Filter>Archivos de encabezado\Objetos\Maquinas</Filter>
    </ClInclude>
    <ClInclude Include="MaquinaDeBotellas.h">
      <Filter>Archivos de encabezado\Objetos\Maquinas</Filter>
    </ClInclude>
    <ClInclude Include="MaquinaDeLlenado.h">
      <Filter>Archivos de encabezado\Objetos\Maquinas</Filter>
    </ClInclude>
    <ClInclude Include="MaquinaEmbaladora.h">
      <Filter>Archivos de encabezado\Objetos\Maquinas</Filter>
    </ClInclude>
    <ClInclude Include="CintaTransportadora.h">
      <Filter>Archivos de encabezado\Objetos\Maquinas</Filter>
    </ClInclude>
  </ItemGroup>
</Project>