<?xml version="1.0" encoding="utf-8"?>
<Project ToolsVersion="4.0" xmlns="http://schemas.microsoft.com/developer/msbuild/2003">
  <ItemGroup>
    <Filter Include="Archivos de código fuente">
      <UniqueIdentifier>{4FC737F1-C7A5-4376-A066-2A32D752A2FF}</UniqueIdentifier>
      <Extensions>cpp;c;cc;cxx;def;odl;idl;hpj;bat;asm;asmx</Extensions>
    </Filter>
    <Filter Include="Archivos de encabezado">
      <UniqueIdentifier>{93995380-89BD-4b04-88EB-625FBE52EBFB}</UniqueIdentifier>
      <Extensions>h;hpp;hxx;hm;inl;inc;xsd</Extensions>
    </Filter>
    <Filter Include="Archivos de recursos">
      <UniqueIdentifier>{67DA6AB6-F800-4c08-8B7A-83BB121AAD01}</UniqueIdentifier>
      <Extensions>rc;ico;cur;bmp;dlg;rc2;rct;bin;rgs;gif;jpg;jpeg;jpe;resx;tiff;tif;png;wav;mfcribbon-ms</Extensions>
    </Filter>
    <Filter Include="Shaders">
      <UniqueIdentifier>{a1fade30-44da-47ad-adf6-74c1b452aed1}</UniqueIdentifier>
    </Filter>
    <Filter Include="lib">
      <UniqueIdentifier>{7ab17549-fcf6-4c5b-a572-140058bb7934}</UniqueIdentifier>
    </Filter>
    <Filter Include="Archivos de código fuente\Primitivas">
      <UniqueIdentifier>{5b72af11-74a6-4b77-8bb7-c4a5b4861ecd}</UniqueIdentifier>
    </Filter>
    <Filter Include="Archivos de encabezado\Primitivas">
      <UniqueIdentifier>{c669a88d-43d9-4ce2-b51f-f05a9fcdd38a}</UniqueIdentifier>
    </Filter>
  </ItemGroup>
  <ItemGroup>
    <ClCompile Include="main.cpp">
      <Filter>Archivos de código fuente</Filter>
    </ClCompile>
    <ClCompile Include="MenuDeCuatroBotones.cpp">
      <Filter>Archivos de código fuente</Filter>
    </ClCompile>
    <ClCompile Include="Boton.cpp">
      <Filter>Archivos de código fuente</Filter>
    </ClCompile>
    <ClCompile Include="HUD.cpp">
      <Filter>Archivos de código fuente</Filter>
    </ClCompile>
    <ClCompile Include="MouseCallbacks.cpp">
      <Filter>Archivos de código fuente</Filter>
    </ClCompile>
    <ClCompile Include="Controladores.cpp">
      <Filter>Archivos de código fuente</Filter>
    </ClCompile>
    <ClCompile Include="Emparchador.cpp">
      <Filter>Archivos de código fuente</Filter>
    </ClCompile>
    <ClCompile Include="GLSLProgram.cpp">
      <Filter>Archivos de código fuente</Filter>
    </ClCompile>
    <ClCompile Include="ShaderManager.cpp">
      <Filter>Archivos de código fuente</Filter>
    </ClCompile>
    <ClCompile Include="Cilindro.cpp">
      <Filter>Archivos de código fuente\Primitivas</Filter>
    </ClCompile>
    <ClCompile Include="Circunferencia.cpp">
      <Filter>Archivos de código fuente\Primitivas</Filter>
    </ClCompile>
    <ClCompile Include="Cuadrado.cpp">
      <Filter>Archivos de código fuente\Primitivas</Filter>
    </ClCompile>
    <ClCompile Include="Cubo.cpp">
      <Filter>Archivos de código fuente\Primitivas</Filter>
    </ClCompile>
    <ClCompile Include="Curva.cpp">
      <Filter>Archivos de código fuente\Primitivas</Filter>
    </ClCompile>
    <ClCompile Include="Esfera.cpp">
      <Filter>Archivos de código fuente\Primitivas</Filter>
    </ClCompile>
    <ClCompile Include="Superficie.cpp">
      <Filter>Archivos de código fuente\Primitivas</Filter>
    </ClCompile>
    <ClCompile Include="Toroide.cpp">
      <Filter>Archivos de código fuente\Primitivas</Filter>
    </ClCompile>
  </ItemGroup>
  <ItemGroup>
    <ClInclude Include="MenuDeCuatroBotones.h">
      <Filter>Archivos de encabezado</Filter>
    </ClInclude>
    <ClInclude Include="Boton.h">
      <Filter>Archivos de encabezado</Filter>
    </ClInclude>
    <ClInclude Include="HUD.h">
      <Filter>Archivos de encabezado</Filter>
    </ClInclude>
    <ClInclude Include="MouseCallbacks.h">
      <Filter>Archivos de encabezado</Filter>
    </ClInclude>
    <ClInclude Include="Emparchador.h">
      <Filter>Archivos de encabezado</Filter>
    </ClInclude>
    <ClInclude Include="GLSLProgram.h">
      <Filter>Archivos de encabezado</Filter>
    </ClInclude>
    <ClInclude Include="ShaderManager.h">
      <Filter>Archivos de encabezado</Filter>
    </ClInclude>
    <ClInclude Include="InterfazGLSLProgram.h">
      <Filter>Archivos de encabezado</Filter>
    </ClInclude>
    <ClInclude Include="Cilindro.h">
      <Filter>Archivos de encabezado\Primitivas</Filter>
    </ClInclude>
    <ClInclude Include="Circunferencia.h">
      <Filter>Archivos de encabezado\Primitivas</Filter>
    </ClInclude>
    <ClInclude Include="Cuadrado.h">
      <Filter>Archivos de encabezado\Primitivas</Filter>
    </ClInclude>
    <ClInclude Include="Cubo.h">
      <Filter>Archivos de encabezado\Primitivas</Filter>
    </ClInclude>
    <ClInclude Include="Curva.h">
      <Filter>Archivos de encabezado\Primitivas</Filter>
    </ClInclude>
    <ClInclude Include="Esfera.h">
      <Filter>Archivos de encabezado\Primitivas</Filter>
    </ClInclude>
    <ClInclude Include="Toroide.h">
      <Filter>Archivos de encabezado\Primitivas</Filter>
    </ClInclude>
    <ClInclude Include="Superficie.h">
      <Filter>Archivos de encabezado\Primitivas</Filter>
    </ClInclude>
    <ClInclude Include="Punto.h">
      <Filter>Archivos de encabezado\Primitivas</Filter>
    </ClInclude>
  </ItemGroup>
  <ItemGroup>
    <Library Include="lib\freeglut.lib">
      <Filter>lib</Filter>
    </Library>
    <Library Include="lib\glew32.lib">
      <Filter>lib</Filter>
    </Library>
  </ItemGroup>
  <ItemGroup>
    <None Include="retorcer.vert">
      <Filter>Shaders</Filter>
    </None>
    <None Include="ruido.vert">
      <Filter>Shaders</Filter>
    </None>
    <None Include="doblar.vert">
      <Filter>Shaders</Filter>
    </None>
    <None Include="esferizar.vert">
      <Filter>Shaders</Filter>
    </None>
    <None Include="materialSombreadoBrillante.frag">
      <Filter>Shaders</Filter>
    </None>
    <None Include="materialSombreadoTexturado.frag">
      <Filter>Shaders</Filter>
    </None>
    <None Include="materialReflectivo.frag">
      <Filter>Shaders</Filter>
    </None>
    <None Include="materialSombreadoSemimate.frag">
      <Filter>Shaders</Filter>
    </None>
    <None Include="luzPrincipal.frag">
      <Filter>Shaders</Filter>
    </None>
    <None Include="luzSecundaria.frag">
      <Filter>Shaders</Filter>
    </None>
  </ItemGroup>
</Project>